{
  "name": "verify-citations-skill",
  "version": "0.1.0",
  "lockfileVersion": 3,
  "requires": true,
  "packages": {
    "": {
      "name": "verify-citations-skill",
      "version": "0.1.0",
      "dependencies": {
        "veriquote": "^0.1.1"
      },
      "bin": {
        "print-citation-instructions": "bin/print-citation-instructions.mjs",
        "verify-citations": "bin/verify-citations.mjs"
      },
      "engines": {
        "node": ">=18"
      }
    },
    "node_modules/veriquote": {
      "version": "0.1.1",
      "resolved": "https://registry.npmjs.org/veriquote/-/veriquote-0.1.1.tgz",
      "integrity": "sha512-5bkpxu8ZU9l+/3IgNKWs419jnPmgE7DT4nHyKdFzh8KGnoL61Ix7oQRBh4Gcw9G94C9rQjl0QeBH1dl4USIJ2A==",
      "license": "MIT",
      "engines": {
        "node": ">=18"
      }
    }
  }
}
